
Microsoft Visual Studio Solution File, Format Version 12.00
# Visual Studio Version 16
VisualStudioVersion = 16.0.29509.3
MinimumVisualStudioVersion = 10.0.40219.1
Project("{F184B08F-C81C-45F6-A57F-5ABD9991F28F}") = "7-Segment Display", "7-Segment Display\7-Segment Display.vbproj", "{DBA0A754-D601-4BFB-BA2A-DF44E8E22661}"
EndProject
Global
	GlobalSection(SolutionConfigurationPlatforms) = preSolution
		Debug|Any CPU = Debug|Any CPU
		Release|Any CPU = Release|Any CPU
	EndGlobalSection
	GlobalSection(ProjectConfigurationPlatforms) = postSolution
		{DBA0A754-D601-4BFB-BA2A-DF44E8E22661}.Debug|Any CPU.ActiveCfg = Debug|Any CPU
		{DBA0A754-D601-4BFB-BA2A-DF44E8E22661}.Debug|Any CPU.Build.0 = Debug|Any CPU
		{DBA0A754-D601-4BFB-BA2A-DF44E8E22661}.Release|Any CPU.ActiveCfg = Release|Any CPU
		{DBA0A754-D601-4BFB-BA2A-DF44E8E22661}.Release|Any CPU.Build.0 = Release|Any CPU
	EndGlobalSection
	GlobalSection(SolutionProperties) = preSolution
		HideSolutionNode = FALSE
	EndGlobalSection
	GlobalSection(ExtensibilityGlobals) = postSolution
		SolutionGuid = {D9D832C7-8D61-4677-83D2-0A8F8562619C}
	EndGlobalSection
EndGlobal
